
Microsoft Visual Studio Solution File, Format Version 12.00
# Visual Studio 15
VisualStudioVersion = 15.0.28307.136
MinimumVisualStudioVersion = 10.0.40219.1
Project("{9A19103F-16F7-4668-BE54-9A1E7A4F7556}") = "OndeAlmocarEmBauru.Api", "OndeAlmocarEmBauru.Api\OndeAlmocarEmBauru.Api.csproj", "{7070D9B6-8AFA-4E30-B25C-47B86A9CCAAF}"
EndProject
Project("{2150E333-8FDC-42A3-9474-1A3956D46DE8}") = "1.Api", "1.Api", "{0C7AE566-2827-4503-B0A5-428FC6627DAD}"
EndProject
Project("{2150E333-8FDC-42A3-9474-1A3956D46DE8}") = "2.BLL", "2.BLL", "{17C2134F-36AB-43E0-B777-2C3D9B8F5341}"
EndProject
Project("{2150E333-8FDC-42A3-9474-1A3956D46DE8}") = "3.DAL", "3.DAL", "{4132C8FD-7E28-4D60-9BF1-60B4C1A1AECD}"
EndProject
Project("{2150E333-8FDC-42A3-9474-1A3956D46DE8}") = "4.Entities", "4.Entities", "{9C8007A7-B8D7-4A34-B87F-B4F04643FEB9}"
EndProject
Project("{2150E333-8FDC-42A3-9474-1A3956D46DE8}") = "5.Helpers", "5.Helpers", "{8291EEB8-0F5C-4E1C-A345-D80F0A6225A2}"
EndProject
Project("{9A19103F-16F7-4668-BE54-9A1E7A4F7556}") = "OndeAlmocarEmBauru.DAL.Infra", "OndeAlmocarEmBauru.DAL.Infra\OndeAlmocarEmBauru.DAL.Infra.csproj", "{881F9FC9-55A4-434D-9400-0A970E34D735}"
EndProject
Project("{9A19103F-16F7-4668-BE54-9A1E7A4F7556}") = "OndeAlmocarEmBauru.DAL", "OndeAlmocarEmBauru.DAL\OndeAlmocarEmBauru.DAL.csproj", "{A8BB4D05-B8EE-47FB-A1E9-3A2F960F5374}"
EndProject
Project("{9A19103F-16F7-4668-BE54-9A1E7A4F7556}") = "OndeAlmocarEmBauru.Entities", "OndeAlmocarEmBauru.Entities\OndeAlmocarEmBauru.Entities.csproj", "{4447FDD7-A0F2-44FC-9E9C-B6850A937FF7}"
EndProject
Project("{9A19103F-16F7-4668-BE54-9A1E7A4F7556}") = "OndeAlmocarEmBauru.BLL", "OndeAlmocarEmBauru.BLL\OndeAlmocarEmBauru.BLL.csproj", "{9A2ABBC2-8B52-49C7-A6B6-394AD249A399}"
EndProject
Project("{9A19103F-16F7-4668-BE54-9A1E7A4F7556}") = "OndeAlmocarEmBauru.BLL.Infra", "OndeAlmocarEmBauru.BLL.Infra\OndeAlmocarEmBauru.BLL.Infra.csproj", "{3CED2AC4-8F24-4C1F-A43F-F55B6A740BC2}"
EndProject
Project("{9A19103F-16F7-4668-BE54-9A1E7A4F7556}") = "OndeAlmocarEmBauru.Helpers", "OndeAlmocarEmBauru.Helpers\OndeAlmocarEmBauru.Helpers.csproj", "{4D5BEC34-D68A-41CE-A839-86DA94628B1D}"
EndProject
Project("{2150E333-8FDC-42A3-9474-1A3956D46DE8}") = "6.Test", "6.Test", "{31334919-A4D3-4C2B-BA3C-4DFBFBCE952A}"
EndProject
Project("{9A19103F-16F7-4668-BE54-9A1E7A4F7556}") = "OndeAlmocarEmBauru.Test", "OndeAlmocarEmBauru.Test\OndeAlmocarEmBauru.Test.csproj", "{11D4D71F-F523-4B99-9B15-78BDAD4DBF3C}"
EndProject
Global
	GlobalSection(SolutionConfigurationPlatforms) = preSolution
		Debug|Any CPU = Debug|Any CPU
		Release|Any CPU = Release|Any CPU
	EndGlobalSection
	GlobalSection(ProjectConfigurationPlatforms) = postSolution
		{7070D9B6-8AFA-4E30-B25C-47B86A9CCAAF}.Debug|Any CPU.ActiveCfg = Debug|Any CPU
		{7070D9B6-8AFA-4E30-B25C-47B86A9CCAAF}.Debug|Any CPU.Build.0 = Debug|Any CPU
		{7070D9B6-8AFA-4E30-B25C-47B86A9CCAAF}.Release|Any CPU.ActiveCfg = Release|Any CPU
		{7070D9B6-8AFA-4E30-B25C-47B86A9CCAAF}.Release|Any CPU.Build.0 = Release|Any CPU
		{881F9FC9-55A4-434D-9400-0A970E34D735}.Debug|Any CPU.ActiveCfg = Debug|Any CPU
		{881F9FC9-55A4-434D-9400-0A970E34D735}.Debug|Any CPU.Build.0 = Debug|Any CPU
		{881F9FC9-55A4-434D-9400-0A970E34D735}.Release|Any CPU.ActiveCfg = Release|Any CPU
		{881F9FC9-55A4-434D-9400-0A970E34D735}.Release|Any CPU.Build.0 = Release|Any CPU
		{A8BB4D05-B8EE-47FB-A1E9-3A2F960F5374}.Debug|Any CPU.ActiveCfg = Debug|Any CPU
		{A8BB4D05-B8EE-47FB-A1E9-3A2F960F5374}.Debug|Any CPU.Build.0 = Debug|Any CPU
		{A8BB4D05-B8EE-47FB-A1E9-3A2F960F5374}.Release|Any CPU.ActiveCfg = Release|Any CPU
		{A8BB4D05-B8EE-47FB-A1E9-3A2F960F5374}.Release|Any CPU.Build.0 = Release|Any CPU
		{4447FDD7-A0F2-44FC-9E9C-B6850A937FF7}.Debug|Any CPU.ActiveCfg = Debug|Any CPU
		{4447FDD7-A0F2-44FC-9E9C-B6850A937FF7}.Debug|Any CPU.Build.0 = Debug|Any CPU
		{4447FDD7-A0F2-44FC-9E9C-B6850A937FF7}.Release|Any CPU.ActiveCfg = Release|Any CPU
		{4447FDD7-A0F2-44FC-9E9C-B6850A937FF7}.Release|Any CPU.Build.0 = Release|Any CPU
		{9A2ABBC2-8B52-49C7-A6B6-394AD249A399}.Debug|Any CPU.ActiveCfg = Debug|Any CPU
		{9A2ABBC2-8B52-49C7-A6B6-394AD249A399}.Debug|Any CPU.Build.0 = Debug|Any CPU
		{9A2ABBC2-8B52-49C7-A6B6-394AD249A399}.Release|Any CPU.ActiveCfg = Release|Any CPU
		{9A2ABBC2-8B52-49C7-A6B6-394AD249A399}.Release|Any CPU.Build.0 = Release|Any CPU
		{3CED2AC4-8F24-4C1F-A43F-F55B6A740BC2}.Debug|Any CPU.ActiveCfg = Debug|Any CPU
		{3CED2AC4-8F24-4C1F-A43F-F55B6A740BC2}.Debug|Any CPU.Build.0 = Debug|Any CPU
		{3CED2AC4-8F24-4C1F-A43F-F55B6A740BC2}.Release|Any CPU.ActiveCfg = Release|Any CPU
		{3CED2AC4-8F24-4C1F-A43F-F55B6A740BC2}.Release|Any CPU.Build.0 = Release|Any CPU
		{4D5BEC34-D68A-41CE-A839-86DA94628B1D}.Debug|Any CPU.ActiveCfg = Debug|Any CPU
		{4D5BEC34-D68A-41CE-A839-86DA94628B1D}.Debug|Any CPU.Build.0 = Debug|Any CPU
		{4D5BEC34-D68A-41CE-A839-86DA94628B1D}.Release|Any CPU.ActiveCfg = Release|Any CPU
		{4D5BEC34-D68A-41CE-A839-86DA94628B1D}.Release|Any CPU.Build.0 = Release|Any CPU
		{11D4D71F-F523-4B99-9B15-78BDAD4DBF3C}.Debug|Any CPU.ActiveCfg = Debug|Any CPU
		{11D4D71F-F523-4B99-9B15-78BDAD4DBF3C}.Debug|Any CPU.Build.0 = Debug|Any CPU
		{11D4D71F-F523-4B99-9B15-78BDAD4DBF3C}.Release|Any CPU.ActiveCfg = Release|Any CPU
		{11D4D71F-F523-4B99-9B15-78BDAD4DBF3C}.Release|Any CPU.Build.0 = Release|Any CPU
	EndGlobalSection
	GlobalSection(SolutionProperties) = preSolution
		HideSolutionNode = FALSE
	EndGlobalSection
	GlobalSection(NestedProjects) = preSolution
		{7070D9B6-8AFA-4E30-B25C-47B86A9CCAAF} = {0C7AE566-2827-4503-B0A5-428FC6627DAD}
		{881F9FC9-55A4-434D-9400-0A970E34D735} = {4132C8FD-7E28-4D60-9BF1-60B4C1A1AECD}
		{A8BB4D05-B8EE-47FB-A1E9-3A2F960F5374} = {4132C8FD-7E28-4D60-9BF1-60B4C1A1AECD}
		{4447FDD7-A0F2-44FC-9E9C-B6850A937FF7} = {9C8007A7-B8D7-4A34-B87F-B4F04643FEB9}
		{9A2ABBC2-8B52-49C7-A6B6-394AD249A399} = {17C2134F-36AB-43E0-B777-2C3D9B8F5341}
		{3CED2AC4-8F24-4C1F-A43F-F55B6A740BC2} = {17C2134F-36AB-43E0-B777-2C3D9B8F5341}
		{4D5BEC34-D68A-41CE-A839-86DA94628B1D} = {8291EEB8-0F5C-4E1C-A345-D80F0A6225A2}
		{11D4D71F-F523-4B99-9B15-78BDAD4DBF3C} = {31334919-A4D3-4C2B-BA3C-4DFBFBCE952A}
	EndGlobalSection
	GlobalSection(ExtensibilityGlobals) = postSolution
		SolutionGuid = {CA5E6251-8EBD-40C9-9D4D-CDE51A337F67}
	EndGlobalSection
EndGlobal
